
Microsoft Visual Studio Solution File, Format Version 12.00
# Visual Studio 2013
VisualStudioVersion = 12.0.30723.0
MinimumVisualStudioVersion = 10.0.40219.1
Project("{FAE04EC0-301F-11D3-BF4B-00C04F79EFBC}") = "RizalPOS.App", "RizalPOS.App\RizalPOS.App.csproj", "{9E8F1E44-D057-400E-AEC9-CD95AC577EC9}"
	ProjectSection(ProjectDependencies) = postProject
		{A6F127BE-0327-4695-8264-DD6B5DCAEB01} = {A6F127BE-0327-4695-8264-DD6B5DCAEB01}
		{BEC386CB-33C4-46E6-8F2D-8ED3318DF521} = {BEC386CB-33C4-46E6-8F2D-8ED3318DF521}
	EndProjectSection
EndProject
Project("{FAE04EC0-301F-11D3-BF4B-00C04F79EFBC}") = "RizalPOS.Domain", "RizalPOS.Domain\RizalPOS.Domain.csproj", "{BEC386CB-33C4-46E6-8F2D-8ED3318DF521}"
EndProject
Project("{FAE04EC0-301F-11D3-BF4B-00C04F79EFBC}") = "RizalPOS.Configuration", "RizalPOS.Configuration\RizalPOS.Configuration.csproj", "{A6F127BE-0327-4695-8264-DD6B5DCAEB01}"
EndProject
Global
	GlobalSection(SolutionConfigurationPlatforms) = preSolution
		Debug|Any CPU = Debug|Any CPU
		Release|Any CPU = Release|Any CPU
	EndGlobalSection
	GlobalSection(ProjectConfigurationPlatforms) = postSolution
		{9E8F1E44-D057-400E-AEC9-CD95AC577EC9}.Debug|Any CPU.ActiveCfg = Debug|Any CPU
		{9E8F1E44-D057-400E-AEC9-CD95AC577EC9}.Debug|Any CPU.Build.0 = Debug|Any CPU
		{9E8F1E44-D057-400E-AEC9-CD95AC577EC9}.Release|Any CPU.ActiveCfg = Release|Any CPU
		{9E8F1E44-D057-400E-AEC9-CD95AC577EC9}.Release|Any CPU.Build.0 = Release|Any CPU
		{BEC386CB-33C4-46E6-8F2D-8ED3318DF521}.Debug|Any CPU.ActiveCfg = Debug|Any CPU
		{BEC386CB-33C4-46E6-8F2D-8ED3318DF521}.Debug|Any CPU.Build.0 = Debug|Any CPU
		{BEC386CB-33C4-46E6-8F2D-8ED3318DF521}.Release|Any CPU.ActiveCfg = Release|Any CPU
		{BEC386CB-33C4-46E6-8F2D-8ED3318DF521}.Release|Any CPU.Build.0 = Release|Any CPU
		{A6F127BE-0327-4695-8264-DD6B5DCAEB01}.Debug|Any CPU.ActiveCfg = Debug|Any CPU
		{A6F127BE-0327-4695-8264-DD6B5DCAEB01}.Debug|Any CPU.Build.0 = Debug|Any CPU
		{A6F127BE-0327-4695-8264-DD6B5DCAEB01}.Release|Any CPU.ActiveCfg = Release|Any CPU
		{A6F127BE-0327-4695-8264-DD6B5DCAEB01}.Release|Any CPU.Build.0 = Release|Any CPU
	EndGlobalSection
	GlobalSection(SolutionProperties) = preSolution
		HideSolutionNode = FALSE
	EndGlobalSection
EndGlobal
